{
  "name": "rapstar",
  "version": "1.0.0",
  "lockfileVersion": 1,
  "requires": true,
  "dependencies": {
    "@babel/runtime": {
      "version": "7.12.1",
      "resolved": "https://registry.npm.taobao.org/@babel/runtime/download/@babel/runtime-7.12.1.tgz?cache=0&sync_timestamp=1602801755591&other_urls=https%3A%2F%2Fregistry.npm.taobao.org%2F%40babel%2Fruntime%2Fdownload%2F%40babel%2Fruntime-7.12.1.tgz",
      "integrity": "sha1-tBFqa2cR0BCy2tO3tuQ78bmVR0A=",
      "requires": {
        "regenerator-runtime": "^0.13.4"
      }
    },
    "@smt-lib/observer": {
      "version": "1.0.2",
      "resolved": "https://registry.npm.taobao.org/@smt-lib/observer/download/@smt-lib/observer-1.0.2.tgz",
      "integrity": "sha1-q/3/EQ4jaIS+cEtp53StClsKKTY="
    },
    "@smt-ui/component": {
      "version": "1.1.77",
      "resolved": "https://registry.npm.taobao.org/@smt-ui/component/download/@smt-ui/component-1.1.77.tgz",
      "integrity": "sha1-pjPFa9xLok2epR4uohKSFT3yHD8=",
      "requires": {
        "@babel/runtime": "^7.7.7",
        "@smt-lib/observer": "^1.0.2"
      }
    },
    "@smt-ui/component-gov": {
      "version": "1.1.30",
      "resolved": "https://registry.npm.taobao.org/@smt-ui/component-gov/download/@smt-ui/component-gov-1.1.30.tgz",
      "integrity": "sha1-AF2izLeez74W+nE1eYJUWXzbe+s=",
      "requires": {
        "@babel/runtime": "^7.7.7",
        "@smt-lib/observer": "^1.0.2",
        "@smt-ui/component": "^1.1.77"
      },
      "dependencies": {
        "@smt-ui/component": {
          "version": "1.1.77",
          "resolved": "https://registry.npm.taobao.org/@smt-ui/component/download/@smt-ui/component-1.1.77.tgz",
          "integrity": "sha1-pjPFa9xLok2epR4uohKSFT3yHD8=",
          "requires": {
            "@babel/runtime": "^7.7.7",
            "@smt-lib/observer": "^1.0.2"
          }
        }
      }
    },
    "regenerator-runtime": {
      "version": "0.13.7",
      "resolved": "https://registry.npm.taobao.org/regenerator-runtime/download/regenerator-runtime-0.13.7.tgz?cache=0&sync_timestamp=1595456117883&other_urls=https%3A%2F%2Fregistry.npm.taobao.org%2Fregenerator-runtime%2Fdownload%2Fregenerator-runtime-0.13.7.tgz",
      "integrity": "sha1-ysLazIoepnX+qrrriugziYrkb1U="
    },
    "swan-server-sdk": {
      "version": "0.0.6",
      "resolved": "https://registry.npm.taobao.org/swan-server-sdk/download/swan-server-sdk-0.0.6.tgz",
      "integrity": "sha1-bQMBr+arkJEaBrKNebVwkB22SI8="
    }
  }
}
